<?xml version="1.0" encoding="utf-8"?>
<Project ToolsVersion="4.0" xmlns="http://schemas.microsoft.com/developer/msbuild/2003">
  <ItemGroup>
    <Filter Include="Source Files">
      <UniqueIdentifier>{4FC737F1-C7A5-4376-A066-2A32D752A2FF}</UniqueIdentifier>
      <Extensions>cpp;c;cc;cxx;c++;def;odl;idl;hpj;bat;asm;asmx</Extensions>
    </Filter>
    <Filter Include="Header Files">
      <UniqueIdentifier>{93995380-89BD-4b04-88EB-625FBE52EBFB}</UniqueIdentifier>
      <Extensions>h;hh;hpp;hxx;h++;hm;inl;inc;ipp;xsd</Extensions>
    </Filter>
    <Filter Include="Resource Files">
      <UniqueIdentifier>{67DA6AB6-F800-4c08-8B7A-83BB121AAD01}</UniqueIdentifier>
      <Extensions>rc;ico;cur;bmp;dlg;rc2;rct;bin;rgs;gif;jpg;jpeg;jpe;resx;tiff;tif;png;wav;mfcribbon-ms</Extensions>
    </Filter>
  </ItemGroup>
  <ItemGroup>
    <ClCompile Include="engine\cardb.cpp">
      <Filter>Source Files</Filter>
    </ClCompile>
  </ItemGroup>
  <ItemGroup>
    <ClInclude Include="engine\entities\Car.h">
      <Filter>Header Files</Filter>
    </ClInclude>
    <ClInclude Include="engine\abstract\Serializable.h">
      <Filter>Header Files</Filter>
    </ClInclude>
    <ClInclude Include="engine\repos\CrudRepository.h">
      <Filter>Header Files</Filter>
    </ClInclude>
    <ClInclude Include="engine\console\commands\Command.h">
      <Filter>Header Files</Filter>
    </ClInclude>
    <ClInclude Include="engine\entities\User.h">
      <Filter>Header Files</Filter>
    </ClInclude>
    <ClInclude Include="engine\services\UserService.h">
      <Filter>Header Files</Filter>
    </ClInclude>
    <ClInclude Include="engine\console\ConsoleAuth.h">
      <Filter>Header Files</Filter>
    </ClInclude>
    <ClInclude Include="engine\repos\UserRepository.h">
      <Filter>Header Files</Filter>
    </ClInclude>
    <ClInclude Include="engine\services\CarService.h">
      <Filter>Header Files</Filter>
    </ClInclude>
    <ClInclude Include="engine\repos\CarRepository.h">
      <Filter>Header Files</Filter>
    </ClInclude>
    <ClInclude Include="engine\Application.h">
      <Filter>Header Files</Filter>
    </ClInclude>
    <ClInclude Include="engine\Auth.h">
      <Filter>Header Files</Filter>
    </ClInclude>
    <ClInclude Include="engine\console\views\View.h">
      <Filter>Header Files</Filter>
    </ClInclude>
    <ClInclude Include="engine\console\views\WelcomeView.h">
      <Filter>Header Files</Filter>
    </ClInclude>
    <ClInclude Include="engine\console\views\ProductsView.h">
      <Filter>Header Files</Filter>
    </ClInclude>
    <ClInclude Include="engine\services\CommandService.h">
      <Filter>Header Files</Filter>
    </ClInclude>
    <ClInclude Include="engine\console\commands\base\BalanceCommand.h">
      <Filter>Header Files</Filter>
    </ClInclude>
    <ClInclude Include="engine\console\commands\CommandsBuilder.h">
      <Filter>Header Files</Filter>
    </ClInclude>
    <ClInclude Include="engine\console\commands\base\ChangePassComand.h">
      <Filter>Header Files</Filter>
    </ClInclude>
    <ClInclude Include="engine\console\commands\base\FilterCommand.h">
      <Filter>Header Files</Filter>
    </ClInclude>
    <ClInclude Include="engine\enums\CarProperties.h">
      <Filter>Header Files</Filter>
    </ClInclude>
    <ClInclude Include="engine\utils\Utils.h">
      <Filter>Header Files</Filter>
    </ClInclude>
    <ClInclude Include="engine\exceptions\StringToBoolCastException.h">
      <Filter>Header Files</Filter>
    </ClInclude>
    <ClInclude Include="engine\console\commands\base\SortCommand.h">
      <Filter>Header Files</Filter>
    </ClInclude>
    <ClInclude Include="engine\enums\Order.h">
      <Filter>Header Files</Filter>
    </ClInclude>
    <ClInclude Include="engine\console\commands\base\AllCommand.h">
      <Filter>Header Files</Filter>
    </ClInclude>
    <ClInclude Include="engine\console\commands\admin\CreateCarCommand.h">
      <Filter>Header Files</Filter>
    </ClInclude>
  </ItemGroup>
</Project>